// !$*UTF8*$!
{
	archiveVersion = 1;
	classes = {
	};
	objectVersion = 77;
	objects = {

/* Begin PBXContainerItemProxy section */
		C47245792CFE89C1009EA6B8 /* PBXContainerItemProxy */ = {
			isa = PBXContainerItemProxy;
			containerPortal = C47245602CFE89C0009EA6B8 /* Project object */;
			proxyType = 1;
			remoteGlobalIDString = C47245672CFE89C0009EA6B8;
			remoteInfo = PersonalFinanceTracker;
		};
		C47245832CFE89C1009EA6B8 /* PBXContainerItemProxy */ = {
			isa = PBXContainerItemProxy;
			containerPortal = C47245602CFE89C0009EA6B8 /* Project object */;
			proxyType = 1;
			remoteGlobalIDString = C47245672CFE89C0009EA6B8;
			remoteInfo = PersonalFinanceTracker;
		};
/* End PBXContainerItemProxy section */

/* Begin PBXFileReference section */
		C47245682CFE89C0009EA6B8 /* PersonalFinanceTracker.app */ = {isa = PBXFileReference; explicitFileType = wrapper.application; includeInIndex = 0; path = PersonalFinanceTracker.app; sourceTree = BUILT_PRODUCTS_DIR; };
		C47245782CFE89C1009EA6B8 /* PersonalFinanceTrackerTests.xctest */ = {isa = PBXFileReference; explicitFileType = wrapper.cfbundle; includeInIndex = 0; path = PersonalFinanceTrackerTests.xctest; sourceTree = BUILT_PRODUCTS_DIR; };
		C47245822CFE89C1009EA6B8 /* PersonalFinanceTrackerUITests.xctest */ = {isa = PBXFileReference; explicitFileType = wrapper.cfbundle; includeInIndex = 0; path = PersonalFinanceTrackerUITests.xctest; sourceTree = BUILT_PRODUCTS_DIR; };
/* End PBXFileReference section */

/* Begin PBXFileSystemSynchronizedRootGroup section */
		C472456A2CFE89C0009EA6B8 /* PersonalFinanceTracker */ = {
			isa = PBXFileSystemSynchronizedRootGroup;
			path = PersonalFinanceTracker;
			sourceTree = "<group>";
		};
		C472457B2CFE89C1009EA6B8 /* PersonalFinanceTrackerTests */ = {
			isa = PBXFileSystemSynchronizedRootGroup;
			path = PersonalFinanceTrackerTests;
			sourceTree = "<group>";
		};
		C47245852CFE89C1009EA6B8 /* PersonalFinanceTrackerUITests */ = {
			isa = PBXFileSystemSynchronizedRootGroup;
			path = PersonalFinanceTrackerUITests;
			sourceTree = "<group>";
		};
/* End PBXFileSystemSynchronizedRootGroup section */

/* Begin PBXFrameworksBuildPhase section */
		C47245652CFE89C0009EA6B8 /* Frameworks */ = {
			isa = PBXFrameworksBuildPhase;
			buildActionMask = 2147483647;
			files = (
			);
			runOnlyForDeploymentPostprocessing = 0;
		};
		C47245752CFE89C1009EA6B8 /* Frameworks */ = {
			isa = PBXFrameworksBuildPhase;
			buildActionMask = 2147483647;
			files = (
			);
			runOnlyForDeploymentPostprocessing = 0;
		};
		C472457F2CFE89C1009EA6B8 /* Frameworks */ = {
			isa = PBXFrameworksBuildPhase;
			buildActionMask = 2147483647;
			files = (
			);
			runOnlyForDeploymentPostprocessing = 0;
		};
/* End PBXFrameworksBuildPhase section */

/* Begin PBXGroup section */
		C472455F2CFE89C0009EA6B8 = {
			isa = PBXGroup;
			children = (
				C472456A2CFE89C0009EA6B8 /* PersonalFinanceTracker */,
				C472457B2CFE89C1009EA6B8 /* PersonalFinanceTrackerTests */,
				C47245852CFE89C1009EA6B8 /* PersonalFinanceTrackerUITests */,
				C47245692CFE89C0009EA6B8 /* Products */,
			);
			sourceTree = "<group>";
		};
		C47245692CFE89C0009EA6B8 /* Products */ = {
			isa = PBXGroup;
			children = (
				C47245682CFE89C0009EA6B8 /* PersonalFinanceTracker.app */,
				C47245782CFE89C1009EA6B8 /* PersonalFinanceTrackerTests.xctest */,
				C47245822CFE89C1009EA6B8 /* PersonalFinanceTrackerUITests.xctest */,
			);
			name = Products;
			sourceTree = "<group>";
		};
/* End PBXGroup section */

/* Begin PBXNativeTarget section */
		C47245672CFE89C0009EA6B8 /* PersonalFinanceTracker */ = {
			isa = PBXNativeTarget;
			buildConfigurationList = C472458C2CFE89C1009EA6B8 /* Build configuration list for PBXNativeTarget "PersonalFinanceTracker" */;
			buildPhases = (
				C47245642CFE89C0009EA6B8 /* Sources */,
				C47245652CFE89C0009EA6B8 /* Frameworks */,
				C47245662CFE89C0009EA6B8 /* Resources */,
			);
			buildRules = (
			);
			dependencies = (
			);
			fileSystemSynchronizedGroups = (
				C472456A2CFE89C0009EA6B8 /* PersonalFinanceTracker */,
			);
			name = PersonalFinanceTracker;
			packageProductDependencies = (
			);
			productName = PersonalFinanceTracker;
			productReference = C47245682CFE89C0009EA6B8 /* PersonalFinanceTracker.app */;
			productType = "com.apple.product-type.application";
		};
		C47245772CFE89C1009EA6B8 /* PersonalFinanceTrackerTests */ = {
			isa = PBXNativeTarget;
			buildConfigurationList = C472458F2CFE89C1009EA6B8 /* Build configuration list for PBXNativeTarget "PersonalFinanceTrackerTests" */;
			buildPhases = (
				C47245742CFE89C1009EA6B8 /* Sources */,
				C47245752CFE89C1009EA6B8 /* Frameworks */,
				C47245762CFE89C1009EA6B8 /* Resources */,
			);
			buildRules = (
			);
			dependencies = (
				C472457A2CFE89C1009EA6B8 /* PBXTargetDependency */,
			);
			fileSystemSynchronizedGroups = (
				C472457B2CFE89C1009EA6B8 /* PersonalFinanceTrackerTests */,
			);
			name = PersonalFinanceTrackerTests;
			packageProductDependencies = (
			);
			productName = PersonalFinanceTrackerTests;
			productReference = C47245782CFE89C1009EA6B8 /* PersonalFinanceTrackerTests.xctest */;
			productType = "com.apple.product-type.bundle.unit-test";
		};
		C47245812CFE89C1009EA6B8 /* PersonalFinanceTrackerUITests */ = {
			isa = PBXNativeTarget;
			buildConfigurationList = C47245922CFE89C1009EA6B8 /* Build configuration list for PBXNativeTarget "PersonalFinanceTrackerUITests" */;
			buildPhases = (
				C472457E2CFE89C1009EA6B8 /* Sources */,
				C472457F2CFE89C1009EA6B8 /* Frameworks */,
				C47245802CFE89C1009EA6B8 /* Resources */,
			);
			buildRules = (
			);
			dependencies = (
				C47245842CFE89C1009EA6B8 /* PBXTargetDependency */,
			);
			fileSystemSynchronizedGroups = (
				C47245852CFE89C1009EA6B8 /* PersonalFinanceTrackerUITests */,
			);
			name = PersonalFinanceTrackerUITests;
			packageProductDependencies = (
			);
			productName = PersonalFinanceTrackerUITests;
			productReference = C47245822CFE89C1009EA6B8 /* PersonalFinanceTrackerUITests.xctest */;
			productType = "com.apple.product-type.bundle.ui-testing";
		};
/* End PBXNativeTarget section */

/* Begin PBXProject section */
		C47245602CFE89C0009EA6B8 /* Project object */ = {
			isa = PBXProject;
			attributes = {
				BuildIndependentTargetsInParallel = 1;
				LastSwiftUpdateCheck = 1600;
				LastUpgradeCheck = 1600;
				TargetAttributes = {
					C47245672CFE89C0009EA6B8 = {
						CreatedOnToolsVersion = 16.0;
					};
					C47245772CFE89C1009EA6B8 = {
						CreatedOnToolsVersion = 16.0;
						TestTargetID = C47245672CFE89C0009EA6B8;
					};
					C47245812CFE89C1009EA6B8 = {
						CreatedOnToolsVersion = 16.0;
						TestTargetID = C47245672CFE89C0009EA6B8;
					};
				};
			};
			buildConfigurationList = C47245632CFE89C0009EA6B8 /* Build configuration list for PBXProject "PersonalFinanceTracker" */;
			developmentRegion = en;
			hasScannedForEncodings = 0;
			knownRegions = (
				en,
				Base,
			);
			mainGroup = C472455F2CFE89C0009EA6B8;
			minimizedProjectReferenceProxies = 1;
			preferredProjectObjectVersion = 77;
			productRefGroup = C47245692CFE89C0009EA6B8 /* Products */;
			projectDirPath = "";
			projectRoot = "";
			targets = (
				C47245672CFE89C0009EA6B8 /* PersonalFinanceTracker */,
				C47245772CFE89C1009EA6B8 /* PersonalFinanceTrackerTests */,
				C47245812CFE89C1009EA6B8 /* PersonalFinanceTrackerUITests */,
			);
		};
/* End PBXProject section */

/* Begin PBXResourcesBuildPhase section */
		C47245662CFE89C0009EA6B8 /* Resources */ = {
			isa = PBXResourcesBuildPhase;
			buildActionMask = 2147483647;
			files = (
			);
			runOnlyForDeploymentPostprocessing = 0;
		};
		C47245762CFE89C1009EA6B8 /* Resources */ = {
			isa = PBXResourcesBuildPhase;
			buildActionMask = 2147483647;
			files = (
			);
			runOnlyForDeploymentPostprocessing = 0;
		};
		C47245802CFE89C1009EA6B8 /* Resources */ = {
			isa = PBXResourcesBuildPhase;
			buildActionMask = 2147483647;
			files = (
			);
			runOnlyForDeploymentPostprocessing = 0;
		};
/* End PBXResourcesBuildPhase section */

/* Begin PBXSourcesBuildPhase section */
		C47245642CFE89C0009EA6B8 /* Sources */ = {
			isa = PBXSourcesBuildPhase;
			buildActionMask = 2147483647;
			files = (
			);
			runOnlyForDeploymentPostprocessing = 0;
		};
		C47245742CFE89C1009EA6B8 /* Sources */ = {
			isa = PBXSourcesBuildPhase;
			buildActionMask = 2147483647;
			files = (
			);
			runOnlyForDeploymentPostprocessing = 0;
		};
		C472457E2CFE89C1009EA6B8 /* Sources */ = {
			isa = PBXSourcesBuildPhase;
			buildActionMask = 2147483647;
			files = (
			);
			runOnlyForDeploymentPostprocessing = 0;
		};
/* End PBXSourcesBuildPhase section */

/* Begin PBXTargetDependency section */
		C472457A2CFE89C1009EA6B8 /* PBXTargetDependency */ = {
			isa = PBXTargetDependency;
			target = C47245672CFE89C0009EA6B8 /* PersonalFinanceTracker */;
			targetProxy = C47245792CFE89C1009EA6B8 /* PBXContainerItemProxy */;
		};
		C47245842CFE89C1009EA6B8 /* PBXTargetDependency */ = {
			isa = PBXTargetDependency;
			target = C47245672CFE89C0009EA6B8 /* PersonalFinanceTracker */;
			targetProxy = C47245832CFE89C1009EA6B8 /* PBXContainerItemProxy */;
		};
/* End PBXTargetDependency section */

/* Begin XCBuildConfiguration section */
		C472458A2CFE89C1009EA6B8 /* Debug */ = {
			isa = XCBuildConfiguration;
			buildSettings = {
				ALWAYS_SEARCH_USER_PATHS = NO;
				ASSETCATALOG_COMPILER_GENERATE_SWIFT_ASSET_SYMBOL_EXTENSIONS = YES;
				CLANG_ANALYZER_NONNULL = YES;
				CLANG_ANALYZER_NUMBER_OBJECT_CONVERSION = YES_AGGRESSIVE;
				CLANG_CXX_LANGUAGE_STANDARD = "gnu++20";
				CLANG_ENABLE_MODULES = YES;
				CLANG_ENABLE_OBJC_ARC = YES;
				CLANG_ENABLE_OBJC_WEAK = YES;
				CLANG_WARN_BLOCK_CAPTURE_AUTORELEASING = YES;
				CLANG_WARN_BOOL_CONVERSION = YES;
				CLANG_WARN_COMMA = YES;
				CLANG_WARN_CONSTANT_CONVERSION = YES;
				CLANG_WARN_DEPRECATED_OBJC_IMPLEMENTATIONS = YES;
				CLANG_WARN_DIRECT_OBJC_ISA_USAGE = YES_ERROR;
				CLANG_WARN_DOCUMENTATION_COMMENTS = YES;
				CLANG_WARN_EMPTY_BODY = YES;
				CLANG_WARN_ENUM_CONVERSION = YES;
				CLANG_WARN_INFINITE_RECURSION = YES;
				CLANG_WARN_INT_CONVERSION = YES;
				CLANG_WARN_NON_LITERAL_NULL_CONVERSION = YES;
				CLANG_WARN_OBJC_IMPLICIT_RETAIN_SELF = YES;
				CLANG_WARN_OBJC_LITERAL_CONVERSION = YES;
				CLANG_WARN_OBJC_ROOT_CLASS = YES_ERROR;
				CLANG_WARN_QUOTED_INCLUDE_IN_FRAMEWORK_HEADER = YES;
				CLANG_WARN_RANGE_LOOP_ANALYSIS = YES;
				CLANG_WARN_STRICT_PROTOTYPES = YES;
				CLANG_WARN_SUSPICIOUS_MOVE = YES;
				CLANG_WARN_UNGUARDED_AVAILABILITY = YES_AGGRESSIVE;
				CLANG_WARN_UNREACHABLE_CODE = YES;
				CLANG_WARN__DUPLICATE_METHOD_MATCH = YES;
				COPY_PHASE_STRIP = NO;
				DEBUG_INFORMATION_FORMAT = dwarf;
				ENABLE_STRICT_OBJC_MSGSEND = YES;
				ENABLE_TESTABILITY = YES;
				ENABLE_USER_SCRIPT_SANDBOXING = YES;
				GCC_C_LANGUAGE_STANDARD = gnu17;
				GCC_DYNAMIC_NO_PIC = NO;
				GCC_NO_COMMON_BLOCKS = YES;
				GCC_OPTIMIZATION_LEVEL = 0;
				GCC_PREPROCESSOR_DEFINITIONS = (
					"DEBUG=1",
					"$(inherited)",
				);
				GCC_WARN_64_TO_32_BIT_CONVERSION = YES;
				GCC_WARN_ABOUT_RETURN_TYPE = YES_ERROR;
				GCC_WARN_UNDECLARED_SELECTOR = YES;
				GCC_WARN_UNINITIALIZED_AUTOS = YES_AGGRESSIVE;
				GCC_WARN_UNUSED_FUNCTION = YES;
				GCC_WARN_UNUSED_VARIABLE = YES;
				IPHONEOS_DEPLOYMENT_TARGET = 18.0;
				LOCALIZATION_PREFERS_STRING_CATALOGS = YES;
				MTL_ENABLE_DEBUG_INFO = INCLUDE_SOURCE;
				MTL_FAST_MATH = YES;
				ONLY_ACTIVE_ARCH = YES;
				SDKROOT = iphoneos;
				SWIFT_ACTIVE_COMPILATION_CONDITIONS = "DEBUG $(inherited)";
				SWIFT_OPTIMIZATION_LEVEL = "-Onone";
			};
			name = Debug;
		};
		C472458B2CFE89C1009EA6B8 /* Release */ = {
			isa = XCBuildConfiguration;
			buildSettings = {
				ALWAYS_SEARCH_USER_PATHS = NO;
				ASSETCATALOG_COMPILER_GENERATE_SWIFT_ASSET_SYMBOL_EXTENSIONS = YES;
				CLANG_ANALYZER_NONNULL = YES;
				CLANG_ANALYZER_NUMBER_OBJECT_CONVERSION = YES_AGGRESSIVE;
				CLANG_CXX_LANGUAGE_STANDARD = "gnu++20";
				CLANG_ENABLE_MODULES = YES;
				CLANG_ENABLE_OBJC_ARC = YES;
				CLANG_ENABLE_OBJC_WEAK = YES;
				CLANG_WARN_BLOCK_CAPTURE_AUTORELEASING = YES;
				CLANG_WARN_BOOL_CONVERSION = YES;
				CLANG_WARN_COMMA = YES;
				CLANG_WARN_CONSTANT_CONVERSION = YES;
				CLANG_WARN_DEPRECATED_OBJC_IMPLEMENTATIONS = YES;
				CLANG_WARN_DIRECT_OBJC_ISA_USAGE = YES_ERROR;
				CLANG_WARN_DOCUMENTATION_COMMENTS = YES;
				CLANG_WARN_EMPTY_BODY = YES;
				CLANG_WARN_ENUM_CONVERSION = YES;
				CLANG_WARN_INFINITE_RECURSION = YES;
				CLANG_WARN_INT_CONVERSION = YES;
				CLANG_WARN_NON_LITERAL_NULL_CONVERSION = YES;
				CLANG_WARN_OBJC_IMPLICIT_RETAIN_SELF = YES;
				CLANG_WARN_OBJC_LITERAL_CONVERSION = YES;
				CLANG_WARN_OBJC_ROOT_CLASS = YES_ERROR;
				CLANG_WARN_QUOTED_INCLUDE_IN_FRAMEWORK_HEADER = YES;
				CLANG_WARN_RANGE_LOOP_ANALYSIS = YES;
				CLANG_WARN_STRICT_PROTOTYPES = YES;
				CLANG_WARN_SUSPICIOUS_MOVE = YES;
				CLANG_WARN_UNGUARDED_AVAILABILITY = YES_AGGRESSIVE;
				CLANG_WARN_UNREACHABLE_CODE = YES;
				CLANG_WARN__DUPLICATE_METHOD_MATCH = YES;
				COPY_PHASE_STRIP = NO;
				DEBUG_INFORMATION_FORMAT = "dwarf-with-dsym";
				ENABLE_NS_ASSERTIONS = NO;
				ENABLE_STRICT_OBJC_MSGSEND = YES;
				ENABLE_USER_SCRIPT_SANDBOXING = YES;
				GCC_C_LANGUAGE_STANDARD = gnu17;
				GCC_NO_COMMON_BLOCKS = YES;
				GCC_WARN_64_TO_32_BIT_CONVERSION = YES;
				GCC_WARN_ABOUT_RETURN_TYPE = YES_ERROR;
				GCC_WARN_UNDECLARED_SELECTOR = YES;
				GCC_WARN_UNINITIALIZED_AUTOS = YES_AGGRESSIVE;
				GCC_WARN_UNUSED_FUNCTION = YES;
				GCC_WARN_UNUSED_VARIABLE = YES;
				IPHONEOS_DEPLOYMENT_TARGET = 18.0;
				LOCALIZATION_PREFERS_STRING_CATALOGS = YES;
				MTL_ENABLE_DEBUG_INFO = NO;
				MTL_FAST_MATH = YES;
				SDKROOT = iphoneos;
				SWIFT_COMPILATION_MODE = wholemodule;
				VALIDATE_PRODUCT = YES;
			};
			name = Release;
		};
		C472458D2CFE89C1009EA6B8 /* Debug */ = {
			isa = XCBuildConfiguration;
			buildSettings = {
				ASSETCATALOG_COMPILER_APPICON_NAME = AppIcon;
				ASSETCATALOG_COMPILER_GLOBAL_ACCENT_COLOR_NAME = AccentColor;
				CODE_SIGN_STYLE = Automatic;
				CURRENT_PROJECT_VERSION = 1;
				DEVELOPMENT_ASSET_PATHS = "\"PersonalFinanceTracker/Preview Content\"";
				ENABLE_PREVIEWS = YES;
				GENERATE_INFOPLIST_FILE = YES;
				INFOPLIST_KEY_UIApplicationSceneManifest_Generation = YES;
				INFOPLIST_KEY_UIApplicationSupportsIndirectInputEvents = YES;
				INFOPLIST_KEY_UILaunchScreen_Generation = YES;
				INFOPLIST_KEY_UISupportedInterfaceOrientations_iPad = "UIInterfaceOrientationPortrait UIInterfaceOrientationPortraitUpsideDown UIInterfaceOrientationLandscapeLeft UIInterfaceOrientationLandscapeRight";
				INFOPLIST_KEY_UISupportedInterfaceOrientations_iPhone = "UIInterfaceOrientationPortrait UIInterfaceOrientationLandscapeLeft UIInterfaceOrientationLandscapeRight";
				LD_RUNPATH_SEARCH_PATHS = (
					"$(inherited)",
					"@executable_path/Frameworks",
				);
				MARKETING_VERSION = 1.0;
				PRODUCT_BUNDLE_IDENTIFIER = com.NativeAppDev.PersonalFinanceTracker;
				PRODUCT_NAME = "$(TARGET_NAME)";
				SWIFT_EMIT_LOC_STRINGS = YES;
				SWIFT_VERSION = 5.0;
				TARGETED_DEVICE_FAMILY = "1,2";
			};
			name = Debug;
		};
		C472458E2CFE89C1009EA6B8 /* Release */ = {
			isa = XCBuildConfiguration;
			buildSettings = {
				ASSETCATALOG_COMPILER_APPICON_NAME = AppIcon;
				ASSETCATALOG_COMPILER_GLOBAL_ACCENT_COLOR_NAME = AccentColor;
				CODE_SIGN_STYLE = Automatic;
				CURRENT_PROJECT_VERSION = 1;
				DEVELOPMENT_ASSET_PATHS = "\"PersonalFinanceTracker/Preview Content\"";
				ENABLE_PREVIEWS = YES;
				GENERATE_INFOPLIST_FILE = YES;
				INFOPLIST_KEY_UIApplicationSceneManifest_Generation = YES;
				INFOPLIST_KEY_UIApplicationSupportsIndirectInputEvents = YES;
				INFOPLIST_KEY_UILaunchScreen_Generation = YES;
				INFOPLIST_KEY_UISupportedInterfaceOrientations_iPad = "UIInterfaceOrientationPortrait UIInterfaceOrientationPortraitUpsideDown UIInterfaceOrientationLandscapeLeft UIInterfaceOrientationLandscapeRight";
				INFOPLIST_KEY_UISupportedInterfaceOrientations_iPhone = "UIInterfaceOrientationPortrait UIInterfaceOrientationLandscapeLeft UIInterfaceOrientationLandscapeRight";
				LD_RUNPATH_SEARCH_PATHS = (
					"$(inherited)",
					"@executable_path/Frameworks",
				);
				MARKETING_VERSION = 1.0;
				PRODUCT_BUNDLE_IDENTIFIER = com.NativeAppDev.PersonalFinanceTracker;
				PRODUCT_NAME = "$(TARGET_NAME)";
				SWIFT_EMIT_LOC_STRINGS = YES;
				SWIFT_VERSION = 5.0;
				TARGETED_DEVICE_FAMILY = "1,2";
			};
			name = Release;
		};
		C47245902CFE89C1009EA6B8 /* Debug */ = {
			isa = XCBuildConfiguration;
			buildSettings = {
				BUNDLE_LOADER = "$(TEST_HOST)";
				CODE_SIGN_STYLE = Automatic;
				CURRENT_PROJECT_VERSION = 1;
				GENERATE_INFOPLIST_FILE = YES;
				IPHONEOS_DEPLOYMENT_TARGET = 18.0;
				MARKETING_VERSION = 1.0;
				PRODUCT_BUNDLE_IDENTIFIER = com.NativeAppDev.PersonalFinanceTrackerTests;
				PRODUCT_NAME = "$(TARGET_NAME)";
				SWIFT_EMIT_LOC_STRINGS = NO;
				SWIFT_VERSION = 5.0;
				TARGETED_DEVICE_FAMILY = "1,2";
				TEST_HOST = "$(BUILT_PRODUCTS_DIR)/PersonalFinanceTracker.app/$(BUNDLE_EXECUTABLE_FOLDER_PATH)/PersonalFinanceTracker";
			};
			name = Debug;
		};
		C47245912CFE89C1009EA6B8 /* Release */ = {
			isa = XCBuildConfiguration;
			buildSettings = {
				BUNDLE_LOADER = "$(TEST_HOST)";
				CODE_SIGN_STYLE = Automatic;
				CURRENT_PROJECT_VERSION = 1;
				GENERATE_INFOPLIST_FILE = YES;
				IPHONEOS_DEPLOYMENT_TARGET = 18.0;
				MARKETING_VERSION = 1.0;
				PRODUCT_BUNDLE_IDENTIFIER = com.NativeAppDev.PersonalFinanceTrackerTests;
				PRODUCT_NAME = "$(TARGET_NAME)";
				SWIFT_EMIT_LOC_STRINGS = NO;
				SWIFT_VERSION = 5.0;
				TARGETED_DEVICE_FAMILY = "1,2";
				TEST_HOST = "$(BUILT_PRODUCTS_DIR)/PersonalFinanceTracker.app/$(BUNDLE_EXECUTABLE_FOLDER_PATH)/PersonalFinanceTracker";
			};
			name = Release;
		};
		C47245932CFE89C1009EA6B8 /* Debug */ = {
			isa = XCBuildConfiguration;
			buildSettings = {
				CODE_SIGN_STYLE = Automatic;
				CURRENT_PROJECT_VERSION = 1;
				GENERATE_INFOPLIST_FILE = YES;
				MARKETING_VERSION = 1.0;
				PRODUCT_BUNDLE_IDENTIFIER = com.NativeAppDev.PersonalFinanceTrackerUITests;
				PRODUCT_NAME = "$(TARGET_NAME)";
				SWIFT_EMIT_LOC_STRINGS = NO;
				SWIFT_VERSION = 5.0;
				TARGETED_DEVICE_FAMILY = "1,2";
				TEST_TARGET_NAME = PersonalFinanceTracker;
			};
			name = Debug;
		};
		C47245942CFE89C1009EA6B8 /* Release */ = {
			isa = XCBuildConfiguration;
			buildSettings = {
				CODE_SIGN_STYLE = Automatic;
				CURRENT_PROJECT_VERSION = 1;
				GENERATE_INFOPLIST_FILE = YES;
				MARKETING_VERSION = 1.0;
				PRODUCT_BUNDLE_IDENTIFIER = com.NativeAppDev.PersonalFinanceTrackerUITests;
				PRODUCT_NAME = "$(TARGET_NAME)";
				SWIFT_EMIT_LOC_STRINGS = NO;
				SWIFT_VERSION = 5.0;
				TARGETED_DEVICE_FAMILY = "1,2";
				TEST_TARGET_NAME = PersonalFinanceTracker;
			};
			name = Release;
		};
/* End XCBuildConfiguration section */

/* Begin XCConfigurationList section */
		C47245632CFE89C0009EA6B8 /* Build configuration list for PBXProject "PersonalFinanceTracker" */ = {
			isa = XCConfigurationList;
			buildConfigurations = (
				C472458A2CFE89C1009EA6B8 /* Debug */,
				C472458B2CFE89C1009EA6B8 /* Release */,
			);
			defaultConfigurationIsVisible = 0;
			defaultConfigurationName = Release;
		};
		C472458C2CFE89C1009EA6B8 /* Build configuration list for PBXNativeTarget "PersonalFinanceTracker" */ = {
			isa = XCConfigurationList;
			buildConfigurations = (
				C472458D2CFE89C1009EA6B8 /* Debug */,
				C472458E2CFE89C1009EA6B8 /* Release */,
			);
			defaultConfigurationIsVisible = 0;
			defaultConfigurationName = Release;
		};
		C472458F2CFE89C1009EA6B8 /* Build configuration list for PBXNativeTarget "PersonalFinanceTrackerTests" */ = {
			isa = XCConfigurationList;
			buildConfigurations = (
				C47245902CFE89C1009EA6B8 /* Debug */,
				C47245912CFE89C1009EA6B8 /* Release */,
			);
			defaultConfigurationIsVisible = 0;
			defaultConfigurationName = Release;
		};
		C47245922CFE89C1009EA6B8 /* Build configuration list for PBXNativeTarget "PersonalFinanceTrackerUITests" */ = {
			isa = XCConfigurationList;
			buildConfigurations = (
				C47245932CFE89C1009EA6B8 /* Debug */,
				C47245942CFE89C1009EA6B8 /* Release */,
			);
			defaultConfigurationIsVisible = 0;
			defaultConfigurationName = Release;
		};
/* End XCConfigurationList section */
	};
	rootObject = C47245602CFE89C0009EA6B8 /* Project object */;
}
